// !$*UTF8*$!
{
	archiveVersion = 1;
	classes = {
	};
	objectVersion = 50;
	objects = {

/* Begin PBXBuildFile section */
		9F4344DD22098D6E001E5F1A /* AppDelegate.swift in Sources */ = {isa = PBXBuildFile; fileRef = 9F4344DC22098D6E001E5F1A /* AppDelegate.swift */; };
		9F4344DF22098D6E001E5F1A /* AirFreightViewController.swift in Sources */ = {isa = PBXBuildFile; fileRef = 9F4344DE22098D6E001E5F1A /* AirFreightViewController.swift */; };
		9F4344E222098D6E001E5F1A /* Main.storyboard in Resources */ = {isa = PBXBuildFile; fileRef = 9F4344E022098D6E001E5F1A /* Main.storyboard */; };
		9F4344E422098D71001E5F1A /* Assets.xcassets in Resources */ = {isa = PBXBuildFile; fileRef = 9F4344E322098D71001E5F1A /* Assets.xcassets */; };
		9F4344E722098D71001E5F1A /* LaunchScreen.storyboard in Resources */ = {isa = PBXBuildFile; fileRef = 9F4344E522098D71001E5F1A /* LaunchScreen.storyboard */; };
		9F4344F22209A133001E5F1A /* SeaFreightViewController.swift in Sources */ = {isa = PBXBuildFile; fileRef = 9F4344F12209A133001E5F1A /* SeaFreightViewController.swift */; };
		9F4344F42209A145001E5F1A /* RoadFreightViewController.swift in Sources */ = {isa = PBXBuildFile; fileRef = 9F4344F32209A145001E5F1A /* RoadFreightViewController.swift */; };
		9F4344F62209AB3A001E5F1A /* AirCalculationsModel.swift in Sources */ = {isa = PBXBuildFile; fileRef = 9F4344F52209AB3A001E5F1A /* AirCalculationsModel.swift */; };
		9F4344F82209C871001E5F1A /* SettingsViewController.swift in Sources */ = {isa = PBXBuildFile; fileRef = 9F4344F72209C871001E5F1A /* SettingsViewController.swift */; };
/* End PBXBuildFile section */

/* Begin PBXFileReference section */
		9F4344D922098D6E001E5F1A /* Shipment Calc.app */ = {isa = PBXFileReference; explicitFileType = wrapper.application; includeInIndex = 0; path = "Shipment Calc.app"; sourceTree = BUILT_PRODUCTS_DIR; };
		9F4344DC22098D6E001E5F1A /* AppDelegate.swift */ = {isa = PBXFileReference; lastKnownFileType = sourcecode.swift; path = AppDelegate.swift; sourceTree = "<group>"; };
		9F4344DE22098D6E001E5F1A /* AirFreightViewController.swift */ = {isa = PBXFileReference; lastKnownFileType = sourcecode.swift; path = AirFreightViewController.swift; sourceTree = "<group>"; };
		9F4344E122098D6E001E5F1A /* Base */ = {isa = PBXFileReference; lastKnownFileType = file.storyboard; name = Base; path = Base.lproj/Main.storyboard; sourceTree = "<group>"; };
		9F4344E322098D71001E5F1A /* Assets.xcassets */ = {isa = PBXFileReference; lastKnownFileType = folder.assetcatalog; path = Assets.xcassets; sourceTree = "<group>"; };
		9F4344E622098D71001E5F1A /* Base */ = {isa = PBXFileReference; lastKnownFileType = file.storyboard; name = Base; path = Base.lproj/LaunchScreen.storyboard; sourceTree = "<group>"; };
		9F4344E822098D71001E5F1A /* Info.plist */ = {isa = PBXFileReference; lastKnownFileType = text.plist.xml; path = Info.plist; sourceTree = "<group>"; };
		9F4344F12209A133001E5F1A /* SeaFreightViewController.swift */ = {isa = PBXFileReference; lastKnownFileType = sourcecode.swift; path = SeaFreightViewController.swift; sourceTree = "<group>"; };
		9F4344F32209A145001E5F1A /* RoadFreightViewController.swift */ = {isa = PBXFileReference; lastKnownFileType = sourcecode.swift; path = RoadFreightViewController.swift; sourceTree = "<group>"; };
		9F4344F52209AB3A001E5F1A /* AirCalculationsModel.swift */ = {isa = PBXFileReference; lastKnownFileType = sourcecode.swift; path = AirCalculationsModel.swift; sourceTree = "<group>"; };
		9F4344F72209C871001E5F1A /* SettingsViewController.swift */ = {isa = PBXFileReference; lastKnownFileType = sourcecode.swift; path = SettingsViewController.swift; sourceTree = "<group>"; };
/* End PBXFileReference section */

/* Begin PBXFrameworksBuildPhase section */
		9F4344D622098D6E001E5F1A /* Frameworks */ = {
			isa = PBXFrameworksBuildPhase;
			buildActionMask = 2147483647;
			files = (
			);
			runOnlyForDeploymentPostprocessing = 0;
		};
/* End PBXFrameworksBuildPhase section */

/* Begin PBXGroup section */
		9F4344D022098D6E001E5F1A = {
			isa = PBXGroup;
			children = (
				9F4344DB22098D6E001E5F1A /* Shipment Calc */,
				9F4344DA22098D6E001E5F1A /* Products */,
			);
			sourceTree = "<group>";
		};
		9F4344DA22098D6E001E5F1A /* Products */ = {
			isa = PBXGroup;
			children = (
				9F4344D922098D6E001E5F1A /* Shipment Calc.app */,
			);
			name = Products;
			sourceTree = "<group>";
		};
		9F4344DB22098D6E001E5F1A /* Shipment Calc */ = {
			isa = PBXGroup;
			children = (
				9F4344F022098D95001E5F1A /* Controller */,
				9F4344EF22098D91001E5F1A /* View */,
				9F4344EE22098D8A001E5F1A /* Model */,
				9F4344E022098D6E001E5F1A /* Main.storyboard */,
				9F4344E322098D71001E5F1A /* Assets.xcassets */,
				9F4344E522098D71001E5F1A /* LaunchScreen.storyboard */,
				9F4344E822098D71001E5F1A /* Info.plist */,
			);
			path = "Shipment Calc";
			sourceTree = "<group>";
		};
		9F4344EE22098D8A001E5F1A /* Model */ = {
			isa = PBXGroup;
			children = (
				9F4344F52209AB3A001E5F1A /* AirCalculationsModel.swift */,
			);
			path = Model;
			sourceTree = "<group>";
		};
		9F4344EF22098D91001E5F1A /* View */ = {
			isa = PBXGroup;
			children = (
			);
			path = View;
			sourceTree = "<group>";
		};
		9F4344F022098D95001E5F1A /* Controller */ = {
			isa = PBXGroup;
			children = (
				9F4344DC22098D6E001E5F1A /* AppDelegate.swift */,
				9F4344F32209A145001E5F1A /* RoadFreightViewController.swift */,
				9F4344DE22098D6E001E5F1A /* AirFreightViewController.swift */,
				9F4344F12209A133001E5F1A /* SeaFreightViewController.swift */,
				9F4344F72209C871001E5F1A /* SettingsViewController.swift */,
			);
			path = Controller;
			sourceTree = "<group>";
		};
/* End PBXGroup section */

/* Begin PBXNativeTarget section */
		9F4344D822098D6E001E5F1A /* Shipment Calc */ = {
			isa = PBXNativeTarget;
			buildConfigurationList = 9F4344EB22098D71001E5F1A /* Build configuration list for PBXNativeTarget "Shipment Calc" */;
			buildPhases = (
				9F4344D522098D6E001E5F1A /* Sources */,
				9F4344D622098D6E001E5F1A /* Frameworks */,
				9F4344D722098D6E001E5F1A /* Resources */,
			);
			buildRules = (
			);
			dependencies = (
			);
			name = "Shipment Calc";
			productName = "Shipment Calc";
			productReference = 9F4344D922098D6E001E5F1A /* Shipment Calc.app */;
			productType = "com.apple.product-type.application";
		};
/* End PBXNativeTarget section */

/* Begin PBXProject section */
		9F4344D122098D6E001E5F1A /* Project object */ = {
			isa = PBXProject;
			attributes = {
				LastSwiftUpdateCheck = 1010;
				LastUpgradeCheck = 1010;
				ORGANIZATIONNAME = "Aleksandrs Muravjovs";
				TargetAttributes = {
					9F4344D822098D6E001E5F1A = {
						CreatedOnToolsVersion = 10.1;
					};
				};
			};
			buildConfigurationList = 9F4344D422098D6E001E5F1A /* Build configuration list for PBXProject "Shipment Calc" */;
			compatibilityVersion = "Xcode 9.3";
			developmentRegion = en;
			hasScannedForEncodings = 0;
			knownRegions = (
				en,
				Base,
			);
			mainGroup = 9F4344D022098D6E001E5F1A;
			productRefGroup = 9F4344DA22098D6E001E5F1A /* Products */;
			projectDirPath = "";
			projectRoot = "";
			targets = (
				9F4344D822098D6E001E5F1A /* Shipment Calc */,
			);
		};
/* End PBXProject section */

/* Begin PBXResourcesBuildPhase section */
		9F4344D722098D6E001E5F1A /* Resources */ = {
			isa = PBXResourcesBuildPhase;
			buildActionMask = 2147483647;
			files = (
				9F4344E722098D71001E5F1A /* LaunchScreen.storyboard in Resources */,
				9F4344E422098D71001E5F1A /* Assets.xcassets in Resources */,
				9F4344E222098D6E001E5F1A /* Main.storyboard in Resources */,
			);
			runOnlyForDeploymentPostprocessing = 0;
		};
/* End PBXResourcesBuildPhase section */

/* Begin PBXSourcesBuildPhase section */
		9F4344D522098D6E001E5F1A /* Sources */ = {
			isa = PBXSourcesBuildPhase;
			buildActionMask = 2147483647;
			files = (
				9F4344F42209A145001E5F1A /* RoadFreightViewController.swift in Sources */,
				9F4344F62209AB3A001E5F1A /* AirCalculationsModel.swift in Sources */,
				9F4344F22209A133001E5F1A /* SeaFreightViewController.swift in Sources */,
				9F4344DF22098D6E001E5F1A /* AirFreightViewController.swift in Sources */,
				9F4344DD22098D6E001E5F1A /* AppDelegate.swift in Sources */,
				9F4344F82209C871001E5F1A /* SettingsViewController.swift in Sources */,
			);
			runOnlyForDeploymentPostprocessing = 0;
		};
/* End PBXSourcesBuildPhase section */

/* Begin PBXVariantGroup section */
		9F4344E022098D6E001E5F1A /* Main.storyboard */ = {
			isa = PBXVariantGroup;
			children = (
				9F4344E122098D6E001E5F1A /* Base */,
			);
			name = Main.storyboard;
			sourceTree = "<group>";
		};
		9F4344E522098D71001E5F1A /* LaunchScreen.storyboard */ = {
			isa = PBXVariantGroup;
			children = (
				9F4344E622098D71001E5F1A /* Base */,
			);
			name = LaunchScreen.storyboard;
			sourceTree = "<group>";
		};
/* End PBXVariantGroup section */

/* Begin XCBuildConfiguration section */
		9F4344E922098D71001E5F1A /* Debug */ = {
			isa = XCBuildConfiguration;
			buildSettings = {
				ALWAYS_SEARCH_USER_PATHS = NO;
				CLANG_ANALYZER_NONNULL = YES;
				CLANG_ANALYZER_NUMBER_OBJECT_CONVERSION = YES_AGGRESSIVE;
				CLANG_CXX_LANGUAGE_STANDARD = "gnu++14";
				CLANG_CXX_LIBRARY = "libc++";
				CLANG_ENABLE_MODULES = YES;
				CLANG_ENABLE_OBJC_ARC = YES;
				CLANG_ENABLE_OBJC_WEAK = YES;
				CLANG_WARN_BLOCK_CAPTURE_AUTORELEASING = YES;
				CLANG_WARN_BOOL_CONVERSION = YES;
				CLANG_WARN_COMMA = YES;
				CLANG_WARN_CONSTANT_CONVERSION = YES;
				CLANG_WARN_DEPRECATED_OBJC_IMPLEMENTATIONS = YES;
				CLANG_WARN_DIRECT_OBJC_ISA_USAGE = YES_ERROR;
				CLANG_WARN_DOCUMENTATION_COMMENTS = YES;
				CLANG_WARN_EMPTY_BODY = YES;
				CLANG_WARN_ENUM_CONVERSION = YES;
				CLANG_WARN_INFINITE_RECURSION = YES;
				CLANG_WARN_INT_CONVERSION = YES;
				CLANG_WARN_NON_LITERAL_NULL_CONVERSION = YES;
				CLANG_WARN_OBJC_IMPLICIT_RETAIN_SELF = YES;
				CLANG_WARN_OBJC_LITERAL_CONVERSION = YES;
				CLANG_WARN_OBJC_ROOT_CLASS = YES_ERROR;
				CLANG_WARN_RANGE_LOOP_ANALYSIS = YES;
				CLANG_WARN_STRICT_PROTOTYPES = YES;
				CLANG_WARN_SUSPICIOUS_MOVE = YES;
				CLANG_WARN_UNGUARDED_AVAILABILITY = YES_AGGRESSIVE;
				CLANG_WARN_UNREACHABLE_CODE = YES;
				CLANG_WARN__DUPLICATE_METHOD_MATCH = YES;
				CODE_SIGN_IDENTITY = "iPhone Developer";
				COPY_PHASE_STRIP = NO;
				DEBUG_INFORMATION_FORMAT = dwarf;
				ENABLE_STRICT_OBJC_MSGSEND = YES;
				ENABLE_TESTABILITY = YES;
				GCC_C_LANGUAGE_STANDARD = gnu11;
				GCC_DYNAMIC_NO_PIC = NO;
				GCC_NO_COMMON_BLOCKS = YES;
				GCC_OPTIMIZATION_LEVEL = 0;
				GCC_PREPROCESSOR_DEFINITIONS = (
					"DEBUG=1",
					"$(inherited)",
				);
				GCC_WARN_64_TO_32_BIT_CONVERSION = YES;
				GCC_WARN_ABOUT_RETURN_TYPE = YES_ERROR;
				GCC_WARN_UNDECLARED_SELECTOR = YES;
				GCC_WARN_UNINITIALIZED_AUTOS = YES_AGGRESSIVE;
				GCC_WARN_UNUSED_FUNCTION = YES;
				GCC_WARN_UNUSED_VARIABLE = YES;
				IPHONEOS_DEPLOYMENT_TARGET = 12.1;
				MTL_ENABLE_DEBUG_INFO = INCLUDE_SOURCE;
				MTL_FAST_MATH = YES;
				ONLY_ACTIVE_ARCH = YES;
				SDKROOT = iphoneos;
				SWIFT_ACTIVE_COMPILATION_CONDITIONS = DEBUG;
				SWIFT_OPTIMIZATION_LEVEL = "-Onone";
			};
			name = Debug;
		};
		9F4344EA22098D71001E5F1A /* Release */ = {
			isa = XCBuildConfiguration;
			buildSettings = {
				ALWAYS_SEARCH_USER_PATHS = NO;
				CLANG_ANALYZER_NONNULL = YES;
				CLANG_ANALYZER_NUMBER_OBJECT_CONVERSION = YES_AGGRESSIVE;
				CLANG_CXX_LANGUAGE_STANDARD = "gnu++14";
				CLANG_CXX_LIBRARY = "libc++";
				CLANG_ENABLE_MODULES = YES;
				CLANG_ENABLE_OBJC_ARC = YES;
				CLANG_ENABLE_OBJC_WEAK = YES;
				CLANG_WARN_BLOCK_CAPTURE_AUTORELEASING = YES;
				CLANG_WARN_BOOL_CONVERSION = YES;
				CLANG_WARN_COMMA = YES;
				CLANG_WARN_CONSTANT_CONVERSION = YES;
				CLANG_WARN_DEPRECATED_OBJC_IMPLEMENTATIONS = YES;
				CLANG_WARN_DIRECT_OBJC_ISA_USAGE = YES_ERROR;
				CLANG_WARN_DOCUMENTATION_COMMENTS = YES;
				CLANG_WARN_EMPTY_BODY = YES;
				CLANG_WARN_ENUM_CONVERSION = YES;
				CLANG_WARN_INFINITE_RECURSION = YES;
				CLANG_WARN_INT_CONVERSION = YES;
				CLANG_WARN_NON_LITERAL_NULL_CONVERSION = YES;
				CLANG_WARN_OBJC_IMPLICIT_RETAIN_SELF = YES;
				CLANG_WARN_OBJC_LITERAL_CONVERSION = YES;
				CLANG_WARN_OBJC_ROOT_CLASS = YES_ERROR;
				CLANG_WARN_RANGE_LOOP_ANALYSIS = YES;
				CLANG_WARN_STRICT_PROTOTYPES = YES;
				CLANG_WARN_SUSPICIOUS_MOVE = YES;
				CLANG_WARN_UNGUARDED_AVAILABILITY = YES_AGGRESSIVE;
				CLANG_WARN_UNREACHABLE_CODE = YES;
				CLANG_WARN__DUPLICATE_METHOD_MATCH = YES;
				CODE_SIGN_IDENTITY = "iPhone Developer";
				COPY_PHASE_STRIP = NO;
				DEBUG_INFORMATION_FORMAT = "dwarf-with-dsym";
				ENABLE_NS_ASSERTIONS = NO;
				ENABLE_STRICT_OBJC_MSGSEND = YES;
				GCC_C_LANGUAGE_STANDARD = gnu11;
				GCC_NO_COMMON_BLOCKS = YES;
				GCC_WARN_64_TO_32_BIT_CONVERSION = YES;
				GCC_WARN_ABOUT_RETURN_TYPE = YES_ERROR;
				GCC_WARN_UNDECLARED_SELECTOR = YES;
				GCC_WARN_UNINITIALIZED_AUTOS = YES_AGGRESSIVE;
				GCC_WARN_UNUSED_FUNCTION = YES;
				GCC_WARN_UNUSED_VARIABLE = YES;
				IPHONEOS_DEPLOYMENT_TARGET = 12.1;
				MTL_ENABLE_DEBUG_INFO = NO;
				MTL_FAST_MATH = YES;
				SDKROOT = iphoneos;
				SWIFT_COMPILATION_MODE = wholemodule;
				SWIFT_OPTIMIZATION_LEVEL = "-O";
				VALIDATE_PRODUCT = YES;
			};
			name = Release;
		};
		9F4344EC22098D71001E5F1A /* Debug */ = {
			isa = XCBuildConfiguration;
			buildSettings = {
				ASSETCATALOG_COMPILER_APPICON_NAME = AppIcon;
				CODE_SIGN_STYLE = Automatic;
				DEVELOPMENT_TEAM = L76KH2KAZX;
				INFOPLIST_FILE = "Shipment Calc/Info.plist";
				LD_RUNPATH_SEARCH_PATHS = (
					"$(inherited)",
					"@executable_path/Frameworks",
				);
				PRODUCT_BUNDLE_IDENTIFIER = "com.aleksandrsmuravjovs.Shipment-Calc";
				PRODUCT_NAME = "$(TARGET_NAME)";
				SWIFT_VERSION = 4.2;
				TARGETED_DEVICE_FAMILY = "1,2";
			};
			name = Debug;
		};
		9F4344ED22098D71001E5F1A /* Release */ = {
			isa = XCBuildConfiguration;
			buildSettings = {
				ASSETCATALOG_COMPILER_APPICON_NAME = AppIcon;
				CODE_SIGN_STYLE = Automatic;
				DEVELOPMENT_TEAM = L76KH2KAZX;
				INFOPLIST_FILE = "Shipment Calc/Info.plist";
				LD_RUNPATH_SEARCH_PATHS = (
					"$(inherited)",
					"@executable_path/Frameworks",
				);
				PRODUCT_BUNDLE_IDENTIFIER = "com.aleksandrsmuravjovs.Shipment-Calc";
				PRODUCT_NAME = "$(TARGET_NAME)";
				SWIFT_VERSION = 4.2;
				TARGETED_DEVICE_FAMILY = "1,2";
			};
			name = Release;
		};
/* End XCBuildConfiguration section */

/* Begin XCConfigurationList section */
		9F4344D422098D6E001E5F1A /* Build configuration list for PBXProject "Shipment Calc" */ = {
			isa = XCConfigurationList;
			buildConfigurations = (
				9F4344E922098D71001E5F1A /* Debug */,
				9F4344EA22098D71001E5F1A /* Release */,
			);
			defaultConfigurationIsVisible = 0;
			defaultConfigurationName = Release;
		};
		9F4344EB22098D71001E5F1A /* Build configuration list for PBXNativeTarget "Shipment Calc" */ = {
			isa = XCConfigurationList;
			buildConfigurations = (
				9F4344EC22098D71001E5F1A /* Debug */,
				9F4344ED22098D71001E5F1A /* Release */,
			);
			defaultConfigurationIsVisible = 0;
			defaultConfigurationName = Release;
		};
/* End XCConfigurationList section */
	};
	rootObject = 9F4344D122098D6E001E5F1A /* Project object */;
}
